
Microsoft Visual Studio Solution File, Format Version 12.00
# Visual Studio Version 16
VisualStudioVersion = 16.0.31005.135
MinimumVisualStudioVersion = 10.0.40219.1
Project("{9A19103F-16F7-4668-BE54-9A1E7A4F7556}") = "GuiltySpark", "GuiltySpark.csproj", "{FD4969AF-0B3F-4953-AB2A-2E464F9BA6BF}"
EndProject
Global
	GlobalSection(SolutionConfigurationPlatforms) = preSolution
		Debug|Any CPU = Debug|Any CPU
		Release|Any CPU = Release|Any CPU
	EndGlobalSection
	GlobalSection(ProjectConfigurationPlatforms) = postSolution
		{FD4969AF-0B3F-4953-AB2A-2E464F9BA6BF}.Debug|Any CPU.ActiveCfg = Debug|Any CPU
		{FD4969AF-0B3F-4953-AB2A-2E464F9BA6BF}.Debug|Any CPU.Build.0 = Debug|Any CPU
		{FD4969AF-0B3F-4953-AB2A-2E464F9BA6BF}.Release|Any CPU.ActiveCfg = Release|Any CPU
		{FD4969AF-0B3F-4953-AB2A-2E464F9BA6BF}.Release|Any CPU.Build.0 = Release|Any CPU
	EndGlobalSection
	GlobalSection(SolutionProperties) = preSolution
		HideSolutionNode = FALSE
	EndGlobalSection
	GlobalSection(ExtensibilityGlobals) = postSolution
		SolutionGuid = {4C96C573-1100-438C-A334-9A699E029885}
	EndGlobalSection
EndGlobal
